
Microsoft Visual Studio Solution File, Format Version 12.00
# Visual Studio 2013
VisualStudioVersion = 12.0.30110.0
MinimumVisualStudioVersion = 10.0.40219.1
Project("{FAE04EC0-301F-11D3-BF4B-00C04F79EFBC}") = "bLOG.Web", "bLOG.Web\bLOG.Web.csproj", "{6AEB6C80-44D4-448D-8816-2D46D60854AF}"
EndProject
Project("{FAE04EC0-301F-11D3-BF4B-00C04F79EFBC}") = "bLOG.Web.Framework", "bLOG.Web.Framework\bLOG.Web.Framework.csproj", "{6F5C3431-B9ED-49EE-AB58-CCA903FFE17E}"
EndProject
Project("{FAE04EC0-301F-11D3-BF4B-00C04F79EFBC}") = "bLOG.Data", "bLOG.Data\bLOG.Data.csproj", "{63D32B3C-411C-4334-9494-2F4869761560}"
EndProject
Project("{2150E333-8FDC-42A3-9474-1A3956D46DE8}") = "_lib", "_lib", "{69694B0E-B42B-48F4-A659-B9CC08522C81}"
	ProjectSection(SolutionItems) = preProject
		lib\CookComputing.XmlRpcServerV2.dll = lib\CookComputing.XmlRpcServerV2.dll
		lib\CookComputing.XmlRpcV2.dll = lib\CookComputing.XmlRpcV2.dll
		lib\EntityFramework.5.0.dll = lib\EntityFramework.5.0.dll
		lib\EntityFramework.6.1.dll = lib\EntityFramework.6.1.dll
		lib\EntityFramework.dll = lib\EntityFramework.dll
		lib\EntityFramework.SqlServer.dll = lib\EntityFramework.SqlServer.dll
		wlw.txt = wlw.txt
	EndProjectSection
EndProject
Project("{2150E333-8FDC-42A3-9474-1A3956D46DE8}") = "SQLite", "SQLite", "{3741F246-9310-4FA7-BF34-13E1C3B691A8}"
EndProject
Project("{2150E333-8FDC-42A3-9474-1A3956D46DE8}") = "x86", "x86", "{209C7BE9-57A1-4796-AC42-16924959D7EF}"
	ProjectSection(SolutionItems) = preProject
		lib\Sqlite\x86\System.Data.SQLite.dll = lib\Sqlite\x86\System.Data.SQLite.dll
		lib\Sqlite\x86\System.Data.SQLite.Linq.dll = lib\Sqlite\x86\System.Data.SQLite.Linq.dll
	EndProjectSection
EndProject
Project("{2150E333-8FDC-42A3-9474-1A3956D46DE8}") = "x64", "x64", "{AB85EC16-9C83-47AD-A0DA-DA51984B0058}"
	ProjectSection(SolutionItems) = preProject
		lib\Sqlite\x64\System.Data.SQLite.dll = lib\Sqlite\x64\System.Data.SQLite.dll
		lib\Sqlite\x64\System.Data.SQLite.Linq.dll = lib\Sqlite\x64\System.Data.SQLite.Linq.dll
	EndProjectSection
EndProject
Project("{FAE04EC0-301F-11D3-BF4B-00C04F79EFBC}") = "bLOG.Core", "bLOG.Core\bLOG.Core.csproj", "{F3C28A3F-0D79-431C-B677-4C1113393BAD}"
EndProject
Project("{2150E333-8FDC-42A3-9474-1A3956D46DE8}") = "Core", "Core", "{E6316332-2346-434D-8EB7-DFFC3EC72495}"
EndProject
Project("{2150E333-8FDC-42A3-9474-1A3956D46DE8}") = "UI", "UI", "{C89A4CC4-84F3-46FB-8095-BCB97602AA7E}"
EndProject
Global
	GlobalSection(SolutionConfigurationPlatforms) = preSolution
		Debug|Any CPU = Debug|Any CPU
		Release|Any CPU = Release|Any CPU
	EndGlobalSection
	GlobalSection(ProjectConfigurationPlatforms) = postSolution
		{6AEB6C80-44D4-448D-8816-2D46D60854AF}.Debug|Any CPU.ActiveCfg = Debug|Any CPU
		{6AEB6C80-44D4-448D-8816-2D46D60854AF}.Debug|Any CPU.Build.0 = Debug|Any CPU
		{6AEB6C80-44D4-448D-8816-2D46D60854AF}.Release|Any CPU.ActiveCfg = Release|Any CPU
		{6AEB6C80-44D4-448D-8816-2D46D60854AF}.Release|Any CPU.Build.0 = Release|Any CPU
		{6F5C3431-B9ED-49EE-AB58-CCA903FFE17E}.Debug|Any CPU.ActiveCfg = Debug|Any CPU
		{6F5C3431-B9ED-49EE-AB58-CCA903FFE17E}.Debug|Any CPU.Build.0 = Debug|Any CPU
		{6F5C3431-B9ED-49EE-AB58-CCA903FFE17E}.Release|Any CPU.ActiveCfg = Release|Any CPU
		{6F5C3431-B9ED-49EE-AB58-CCA903FFE17E}.Release|Any CPU.Build.0 = Release|Any CPU
		{63D32B3C-411C-4334-9494-2F4869761560}.Debug|Any CPU.ActiveCfg = Debug|Any CPU
		{63D32B3C-411C-4334-9494-2F4869761560}.Debug|Any CPU.Build.0 = Debug|Any CPU
		{63D32B3C-411C-4334-9494-2F4869761560}.Release|Any CPU.ActiveCfg = Release|Any CPU
		{63D32B3C-411C-4334-9494-2F4869761560}.Release|Any CPU.Build.0 = Release|Any CPU
		{F3C28A3F-0D79-431C-B677-4C1113393BAD}.Debug|Any CPU.ActiveCfg = Debug|Any CPU
		{F3C28A3F-0D79-431C-B677-4C1113393BAD}.Debug|Any CPU.Build.0 = Debug|Any CPU
		{F3C28A3F-0D79-431C-B677-4C1113393BAD}.Release|Any CPU.ActiveCfg = Release|Any CPU
		{F3C28A3F-0D79-431C-B677-4C1113393BAD}.Release|Any CPU.Build.0 = Release|Any CPU
	EndGlobalSection
	GlobalSection(SolutionProperties) = preSolution
		HideSolutionNode = FALSE
	EndGlobalSection
	GlobalSection(NestedProjects) = preSolution
		{3741F246-9310-4FA7-BF34-13E1C3B691A8} = {69694B0E-B42B-48F4-A659-B9CC08522C81}
		{209C7BE9-57A1-4796-AC42-16924959D7EF} = {3741F246-9310-4FA7-BF34-13E1C3B691A8}
		{AB85EC16-9C83-47AD-A0DA-DA51984B0058} = {3741F246-9310-4FA7-BF34-13E1C3B691A8}
		{F3C28A3F-0D79-431C-B677-4C1113393BAD} = {E6316332-2346-434D-8EB7-DFFC3EC72495}
		{63D32B3C-411C-4334-9494-2F4869761560} = {E6316332-2346-434D-8EB7-DFFC3EC72495}
		{6AEB6C80-44D4-448D-8816-2D46D60854AF} = {C89A4CC4-84F3-46FB-8095-BCB97602AA7E}
		{6F5C3431-B9ED-49EE-AB58-CCA903FFE17E} = {C89A4CC4-84F3-46FB-8095-BCB97602AA7E}
	EndGlobalSection
EndGlobal
